
Microsoft Visual Studio Solution File, Format Version 12.00
# Visual Studio Version 16
VisualStudioVersion = 16.0.31005.135
MinimumVisualStudioVersion = 10.0.40219.1
Project("{F184B08F-C81C-45F6-A57F-5ABD9991F28F}") = "SpawnProcess", "SpawnProcess.vbproj", "{3ECF0FF1-139D-4580-9367-6BABC8AA2EF7}"
EndProject
Global
	GlobalSection(SolutionConfigurationPlatforms) = preSolution
		Debug|Any CPU = Debug|Any CPU
		Release|Any CPU = Release|Any CPU
	EndGlobalSection
	GlobalSection(ProjectConfigurationPlatforms) = postSolution
		{3ECF0FF1-139D-4580-9367-6BABC8AA2EF7}.Debug|Any CPU.ActiveCfg = Debug|Any CPU
		{3ECF0FF1-139D-4580-9367-6BABC8AA2EF7}.Debug|Any CPU.Build.0 = Debug|Any CPU
		{3ECF0FF1-139D-4580-9367-6BABC8AA2EF7}.Release|Any CPU.ActiveCfg = Release|Any CPU
		{3ECF0FF1-139D-4580-9367-6BABC8AA2EF7}.Release|Any CPU.Build.0 = Release|Any CPU
	EndGlobalSection
	GlobalSection(SolutionProperties) = preSolution
		HideSolutionNode = FALSE
	EndGlobalSection
	GlobalSection(ExtensibilityGlobals) = postSolution
		SolutionGuid = {3BB71A8F-E8B1-4A2E-A1A9-3E7E46A7B65A}
	EndGlobalSection
EndGlobal
